
Microsoft Visual Studio Solution File, Format Version 12.00
# Visual Studio 15
Project("{FAE04EC0-301F-11D3-BF4B-00C04F79EFBC}") = "Oculus.Platform", "Oculus.Platform.csproj", "{03FB4E80-67DF-4588-3688-9FA88C9AAFCE}"
EndProject
Project("{FAE04EC0-301F-11D3-BF4B-00C04F79EFBC}") = "Assembly-CSharp", "Assembly-CSharp.csproj", "{146B0013-D6C6-9E58-EFCE-B1303F4A58FB}"
EndProject
Project("{FAE04EC0-301F-11D3-BF4B-00C04F79EFBC}") = "Meta.WitAi", "Meta.WitAi.csproj", "{83151D86-813E-5AC3-A66F-310A0D699F3A}"
EndProject
Project("{FAE04EC0-301F-11D3-BF4B-00C04F79EFBC}") = "Oculus.Spatializer", "Oculus.Spatializer.csproj", "{204266A6-17B8-F10A-8A52-EB2936E07CAF}"
EndProject
Project("{FAE04EC0-301F-11D3-BF4B-00C04F79EFBC}") = "Oculus.Interaction", "Oculus.Interaction.csproj", "{07B10B49-2EC7-4196-DC31-CEFC0A05006C}"
EndProject
Project("{FAE04EC0-301F-11D3-BF4B-00C04F79EFBC}") = "Oculus.Interaction.OVR.Samples", "Oculus.Interaction.OVR.Samples.csproj", "{0965F9C7-8427-BE18-EFFA-7D2B5CCD03AD}"
EndProject
Project("{FAE04EC0-301F-11D3-BF4B-00C04F79EFBC}") = "Oculus.VR", "Oculus.VR.csproj", "{69D4A750-DCF2-0D0F-3AEE-35D955B42B4E}"
EndProject
Project("{FAE04EC0-301F-11D3-BF4B-00C04F79EFBC}") = "Meta.Voice.Samples.LiveUnderstanding", "Meta.Voice.Samples.LiveUnderstanding.csproj", "{49ECD54E-1FB2-7559-2012-1E60217C8C5E}"
EndProject
Project("{FAE04EC0-301F-11D3-BF4B-00C04F79EFBC}") = "VoiceSDK.Dictation.Runtime", "VoiceSDK.Dictation.Runtime.csproj", "{478EAD9E-8B1B-115D-6EE1-448A19F9E049}"
EndProject
Project("{FAE04EC0-301F-11D3-BF4B-00C04F79EFBC}") = "Meta.WitAi.TTS", "Meta.WitAi.TTS.csproj", "{338DC632-F9A6-660C-4256-64D0AC1FA715}"
EndProject
Project("{FAE04EC0-301F-11D3-BF4B-00C04F79EFBC}") = "Meta.WitAi.Lib", "Meta.WitAi.Lib.csproj", "{84D12972-B999-1883-E2FE-810D92B5DFB4}"
EndProject
Project("{FAE04EC0-301F-11D3-BF4B-00C04F79EFBC}") = "Oculus.AudioManager", "Oculus.AudioManager.csproj", "{4A2555E4-9ED3-D0A0-7E51-F108A0E8718B}"
EndProject
Project("{FAE04EC0-301F-11D3-BF4B-00C04F79EFBC}") = "Meta.Voice.Hub.Runtime", "Meta.Voice.Hub.Runtime.csproj", "{32BEEE97-6435-5A76-199B-BD19B809DEC0}"
EndProject
Project("{FAE04EC0-301F-11D3-BF4B-00C04F79EFBC}") = "VoiceSDK.Runtime", "VoiceSDK.Runtime.csproj", "{CA65DC77-3BA5-BDFB-5742-5789F412F69A}"
EndProject
Project("{FAE04EC0-301F-11D3-BF4B-00C04F79EFBC}") = "Facebook.Wit.Dictation", "Facebook.Wit.Dictation.csproj", "{88B89619-031E-6368-82B7-FF766474D168}"
EndProject
Project("{FAE04EC0-301F-11D3-BF4B-00C04F79EFBC}") = "Meta.WitAi.TTS.Samples", "Meta.WitAi.TTS.Samples.csproj", "{BB68332C-D98F-B83E-7598-4A20A33FF07A}"
EndProject
Project("{FAE04EC0-301F-11D3-BF4B-00C04F79EFBC}") = "VoiceSDK.Dictation.Samples", "VoiceSDK.Dictation.Samples.csproj", "{94D0782A-4823-A4AA-5503-CDF8E002F845}"
EndProject
Project("{FAE04EC0-301F-11D3-BF4B-00C04F79EFBC}") = "Oculus.Interaction.OVR", "Oculus.Interaction.OVR.csproj", "{B5A184EE-40E4-5641-1395-A289363F6DDF}"
EndProject
Project("{FAE04EC0-301F-11D3-BF4B-00C04F79EFBC}") = "AssistantCoreSDKRuntime", "AssistantCoreSDKRuntime.csproj", "{A2A855DE-3D91-4496-7818-257EE4FD207A}"
EndProject
Project("{FAE04EC0-301F-11D3-BF4B-00C04F79EFBC}") = "Meta.WitAi.Conduit", "Meta.WitAi.Conduit.csproj", "{A3A663C3-C238-3C17-C254-DDCA7B15C752}"
EndProject
Project("{FAE04EC0-301F-11D3-BF4B-00C04F79EFBC}") = "Oculus.LipSync", "Oculus.LipSync.csproj", "{1BF8FD1D-B128-6912-D57F-E454270D73AD}"
EndProject
Project("{FAE04EC0-301F-11D3-BF4B-00C04F79EFBC}") = "Meta.Voice.Samples.Shapes", "Meta.Voice.Samples.Shapes.csproj", "{81030E05-BB85-1850-0514-0BDE6EDE970F}"
EndProject
Project("{FAE04EC0-301F-11D3-BF4B-00C04F79EFBC}") = "Meta.Voice.Samples.TTSVoices", "Meta.Voice.Samples.TTSVoices.csproj", "{D2A02F61-29A2-81E9-BB34-4E3AC77E5AB9}"
EndProject
Project("{FAE04EC0-301F-11D3-BF4B-00C04F79EFBC}") = "Meta.VoiceSDK.Mic.Other", "Meta.VoiceSDK.Mic.Other.csproj", "{D4759735-3BEC-9BCC-090F-25DFFEC8F219}"
EndProject
Project("{FAE04EC0-301F-11D3-BF4B-00C04F79EFBC}") = "Meta.VoiceSDK.Mic.Common", "Meta.VoiceSDK.Mic.Common.csproj", "{3FED90A2-4E8A-6A84-CBAC-163590502262}"
EndProject
Project("{FAE04EC0-301F-11D3-BF4B-00C04F79EFBC}") = "Meta.Voice.Samples.Chess", "Meta.Voice.Samples.Chess.csproj", "{E0371586-1F5A-3836-FE2F-2D0541AED2E4}"
EndProject
Project("{FAE04EC0-301F-11D3-BF4B-00C04F79EFBC}") = "Meta.Voice.Samples.ShapesConduit", "Meta.Voice.Samples.ShapesConduit.csproj", "{C5839B87-872B-931D-0FF4-9762F6AF87FA}"
EndProject
Project("{FAE04EC0-301F-11D3-BF4B-00C04F79EFBC}") = "Meta.VoiceSDK.Mic.WebGL", "Meta.VoiceSDK.Mic.WebGL.csproj", "{677BEB01-2342-54D5-FB8A-E16212031A84}"
EndProject
Project("{FAE04EC0-301F-11D3-BF4B-00C04F79EFBC}") = "Meta.Voice.Samples.BuiltInTimer", "Meta.Voice.Samples.BuiltInTimer.csproj", "{1A5DCA3C-F05D-422C-5743-463C17FAFB84}"
EndProject
Project("{FAE04EC0-301F-11D3-BF4B-00C04F79EFBC}") = "Meta.Voice.Samples.LightTraits", "Meta.Voice.Samples.LightTraits.csproj", "{DB30829B-F724-B965-6CAC-716BF53AFBA7}"
EndProject
Project("{FAE04EC0-301F-11D3-BF4B-00C04F79EFBC}") = "Meta.WitAi.Editor", "Meta.WitAi.Editor.csproj", "{5D7930B3-92F7-EF07-DB43-443D37B67440}"
EndProject
Project("{FAE04EC0-301F-11D3-BF4B-00C04F79EFBC}") = "Meta.WitAi.Conduit.Editor", "Meta.WitAi.Conduit.Editor.csproj", "{8351121A-4994-B7D0-EE4F-FBB00FBB5D50}"
EndProject
Project("{FAE04EC0-301F-11D3-BF4B-00C04F79EFBC}") = "Oculus.Interaction.Editor", "Oculus.Interaction.Editor.csproj", "{7461482B-2C6F-E13B-CC11-4E80B87CBF79}"
EndProject
Project("{FAE04EC0-301F-11D3-BF4B-00C04F79EFBC}") = "Meta.Voice.Hub.Editor", "Meta.Voice.Hub.Editor.csproj", "{B317A2D9-2A9D-5C4E-9B84-F14806CCA303}"
EndProject
Project("{FAE04EC0-301F-11D3-BF4B-00C04F79EFBC}") = "Meta.WitAI.Lib.Editor", "Meta.WitAI.Lib.Editor.csproj", "{C687BB87-EEF9-2972-B034-5AC1DE3CC397}"
EndProject
Project("{FAE04EC0-301F-11D3-BF4B-00C04F79EFBC}") = "Oculus.VR.Editor", "Oculus.VR.Editor.csproj", "{D7E344E8-6CA7-E30F-B426-F462DB9C8756}"
EndProject
Project("{FAE04EC0-301F-11D3-BF4B-00C04F79EFBC}") = "Oculus.Interaction.OVR.Editor", "Oculus.Interaction.OVR.Editor.csproj", "{8FE90981-D077-A047-60C9-E99773E1D2BC}"
EndProject
Project("{FAE04EC0-301F-11D3-BF4B-00C04F79EFBC}") = "Assembly-CSharp-Editor", "Assembly-CSharp-Editor.csproj", "{3B4472C1-ED68-C4A6-2D06-8AD4D7B6B4F7}"
EndProject
Project("{FAE04EC0-301F-11D3-BF4B-00C04F79EFBC}") = "Oculus.Interaction.Samples.Editor", "Oculus.Interaction.Samples.Editor.csproj", "{D593E5B2-CDC4-8ED6-20E5-E08B3B419D48}"
EndProject
Project("{FAE04EC0-301F-11D3-BF4B-00C04F79EFBC}") = "Oculus.VR.Scripts.Editor", "Oculus.VR.Scripts.Editor.csproj", "{B5C8694D-9D20-89F5-659D-4D69AAD054ED}"
EndProject
Project("{FAE04EC0-301F-11D3-BF4B-00C04F79EFBC}") = "VoiceSDK.Editor", "VoiceSDK.Editor.csproj", "{526375B4-4107-D095-27CB-58C00FC2FC53}"
EndProject
Project("{FAE04EC0-301F-11D3-BF4B-00C04F79EFBC}") = "Oculus.Spatializer.Editor", "Oculus.Spatializer.Editor.csproj", "{72DD9259-C7B0-FFDC-5AB2-AFEAB9CF98A4}"
EndProject
Project("{FAE04EC0-301F-11D3-BF4B-00C04F79EFBC}") = "Meta.WitAi.TTS.Editor", "Meta.WitAi.TTS.Editor.csproj", "{DCDD8FF5-A1A0-D030-9C1C-8F7077E7421D}"
EndProject
Project("{FAE04EC0-301F-11D3-BF4B-00C04F79EFBC}") = "Facebook.Wit.Dictation.Editor", "Facebook.Wit.Dictation.Editor.csproj", "{48525B49-DFFD-ACB7-BEAC-F4DCDD5C4339}"
EndProject
Project("{FAE04EC0-301F-11D3-BF4B-00C04F79EFBC}") = "VoiceSDK.Dictation.Editor", "VoiceSDK.Dictation.Editor.csproj", "{308A7DBE-25E9-C61F-8C9D-3B10482A7971}"
EndProject
Project("{FAE04EC0-301F-11D3-BF4B-00C04F79EFBC}") = "Oculus.Platform.Editor", "Oculus.Platform.Editor.csproj", "{9CA51107-94CA-54EF-4059-7738D35DC87E}"
EndProject
Project("{FAE04EC0-301F-11D3-BF4B-00C04F79EFBC}") = "Oculus.AudioManager.Audio.Editor", "Oculus.AudioManager.Audio.Editor.csproj", "{F6421A13-9D2B-B23B-1231-76346297A780}"
EndProject
Project("{FAE04EC0-301F-11D3-BF4B-00C04F79EFBC}") = "Oculus.Interaction.InterfaceSupport", "Oculus.Interaction.InterfaceSupport.csproj", "{850D3D49-F993-004E-A3CB-918366F377C1}"
EndProject
Project("{FAE04EC0-301F-11D3-BF4B-00C04F79EFBC}") = "Oculus.LipSync.Editor", "Oculus.LipSync.Editor.csproj", "{D47FCA1F-F4C5-EB38-614C-A33FD95CAE4F}"
EndProject
Project("{FAE04EC0-301F-11D3-BF4B-00C04F79EFBC}") = "Meta.Voice.VSDKHub.Editor", "Meta.Voice.VSDKHub.Editor.csproj", "{20787DFD-2A05-F5D6-35DB-92890E7B901B}"
EndProject
Project("{FAE04EC0-301F-11D3-BF4B-00C04F79EFBC}") = "AssistantCoreSDKEditor", "AssistantCoreSDKEditor.csproj", "{6A183771-A246-3AEF-6218-F9AEF1B6BD4B}"
EndProject
Project("{FAE04EC0-301F-11D3-BF4B-00C04F79EFBC}") = "Oculus.AudioManager.Utils.Editor", "Oculus.AudioManager.Utils.Editor.csproj", "{2FFC9E3A-AC68-CC49-9476-901E2CFF5EF3}"
EndProject
Global
	GlobalSection(SolutionConfigurationPlatforms) = preSolution
		Debug|Any CPU = Debug|Any CPU
		Release|Any CPU = Release|Any CPU
	EndGlobalSection
	GlobalSection(ProjectConfigurationPlatforms) = postSolution
		{03FB4E80-67DF-4588-3688-9FA88C9AAFCE}.Debug|Any CPU.ActiveCfg = Debug|Any CPU
		{03FB4E80-67DF-4588-3688-9FA88C9AAFCE}.Debug|Any CPU.Build.0 = Debug|Any CPU
		{03FB4E80-67DF-4588-3688-9FA88C9AAFCE}.Release|Any CPU.ActiveCfg = Release|Any CPU
		{03FB4E80-67DF-4588-3688-9FA88C9AAFCE}.Release|Any CPU.Build.0 = Release|Any CPU
		{146B0013-D6C6-9E58-EFCE-B1303F4A58FB}.Debug|Any CPU.ActiveCfg = Debug|Any CPU
		{146B0013-D6C6-9E58-EFCE-B1303F4A58FB}.Debug|Any CPU.Build.0 = Debug|Any CPU
		{146B0013-D6C6-9E58-EFCE-B1303F4A58FB}.Release|Any CPU.ActiveCfg = Release|Any CPU
		{146B0013-D6C6-9E58-EFCE-B1303F4A58FB}.Release|Any CPU.Build.0 = Release|Any CPU
		{83151D86-813E-5AC3-A66F-310A0D699F3A}.Debug|Any CPU.ActiveCfg = Debug|Any CPU
		{83151D86-813E-5AC3-A66F-310A0D699F3A}.Debug|Any CPU.Build.0 = Debug|Any CPU
		{83151D86-813E-5AC3-A66F-310A0D699F3A}.Release|Any CPU.ActiveCfg = Release|Any CPU
		{83151D86-813E-5AC3-A66F-310A0D699F3A}.Release|Any CPU.Build.0 = Release|Any CPU
		{204266A6-17B8-F10A-8A52-EB2936E07CAF}.Debug|Any CPU.ActiveCfg = Debug|Any CPU
		{204266A6-17B8-F10A-8A52-EB2936E07CAF}.Debug|Any CPU.Build.0 = Debug|Any CPU
		{204266A6-17B8-F10A-8A52-EB2936E07CAF}.Release|Any CPU.ActiveCfg = Release|Any CPU
		{204266A6-17B8-F10A-8A52-EB2936E07CAF}.Release|Any CPU.Build.0 = Release|Any CPU
		{07B10B49-2EC7-4196-DC31-CEFC0A05006C}.Debug|Any CPU.ActiveCfg = Debug|Any CPU
		{07B10B49-2EC7-4196-DC31-CEFC0A05006C}.Debug|Any CPU.Build.0 = Debug|Any CPU
		{07B10B49-2EC7-4196-DC31-CEFC0A05006C}.Release|Any CPU.ActiveCfg = Release|Any CPU
		{07B10B49-2EC7-4196-DC31-CEFC0A05006C}.Release|Any CPU.Build.0 = Release|Any CPU
		{0965F9C7-8427-BE18-EFFA-7D2B5CCD03AD}.Debug|Any CPU.ActiveCfg = Debug|Any CPU
		{0965F9C7-8427-BE18-EFFA-7D2B5CCD03AD}.Debug|Any CPU.Build.0 = Debug|Any CPU
		{0965F9C7-8427-BE18-EFFA-7D2B5CCD03AD}.Release|Any CPU.ActiveCfg = Release|Any CPU
		{0965F9C7-8427-BE18-EFFA-7D2B5CCD03AD}.Release|Any CPU.Build.0 = Release|Any CPU
		{69D4A750-DCF2-0D0F-3AEE-35D955B42B4E}.Debug|Any CPU.ActiveCfg = Debug|Any CPU
		{69D4A750-DCF2-0D0F-3AEE-35D955B42B4E}.Debug|Any CPU.Build.0 = Debug|Any CPU
		{69D4A750-DCF2-0D0F-3AEE-35D955B42B4E}.Release|Any CPU.ActiveCfg = Release|Any CPU
		{69D4A750-DCF2-0D0F-3AEE-35D955B42B4E}.Release|Any CPU.Build.0 = Release|Any CPU
		{49ECD54E-1FB2-7559-2012-1E60217C8C5E}.Debug|Any CPU.ActiveCfg = Debug|Any CPU
		{49ECD54E-1FB2-7559-2012-1E60217C8C5E}.Debug|Any CPU.Build.0 = Debug|Any CPU
		{49ECD54E-1FB2-7559-2012-1E60217C8C5E}.Release|Any CPU.ActiveCfg = Release|Any CPU
		{49ECD54E-1FB2-7559-2012-1E60217C8C5E}.Release|Any CPU.Build.0 = Release|Any CPU
		{478EAD9E-8B1B-115D-6EE1-448A19F9E049}.Debug|Any CPU.ActiveCfg = Debug|Any CPU
		{478EAD9E-8B1B-115D-6EE1-448A19F9E049}.Debug|Any CPU.Build.0 = Debug|Any CPU
		{478EAD9E-8B1B-115D-6EE1-448A19F9E049}.Release|Any CPU.ActiveCfg = Release|Any CPU
		{478EAD9E-8B1B-115D-6EE1-448A19F9E049}.Release|Any CPU.Build.0 = Release|Any CPU
		{338DC632-F9A6-660C-4256-64D0AC1FA715}.Debug|Any CPU.ActiveCfg = Debug|Any CPU
		{338DC632-F9A6-660C-4256-64D0AC1FA715}.Debug|Any CPU.Build.0 = Debug|Any CPU
		{338DC632-F9A6-660C-4256-64D0AC1FA715}.Release|Any CPU.ActiveCfg = Release|Any CPU
		{338DC632-F9A6-660C-4256-64D0AC1FA715}.Release|Any CPU.Build.0 = Release|Any CPU
		{84D12972-B999-1883-E2FE-810D92B5DFB4}.Debug|Any CPU.ActiveCfg = Debug|Any CPU
		{84D12972-B999-1883-E2FE-810D92B5DFB4}.Debug|Any CPU.Build.0 = Debug|Any CPU
		{84D12972-B999-1883-E2FE-810D92B5DFB4}.Release|Any CPU.ActiveCfg = Release|Any CPU
		{84D12972-B999-1883-E2FE-810D92B5DFB4}.Release|Any CPU.Build.0 = Release|Any CPU
		{4A2555E4-9ED3-D0A0-7E51-F108A0E8718B}.Debug|Any CPU.ActiveCfg = Debug|Any CPU
		{4A2555E4-9ED3-D0A0-7E51-F108A0E8718B}.Debug|Any CPU.Build.0 = Debug|Any CPU
		{4A2555E4-9ED3-D0A0-7E51-F108A0E8718B}.Release|Any CPU.ActiveCfg = Release|Any CPU
		{4A2555E4-9ED3-D0A0-7E51-F108A0E8718B}.Release|Any CPU.Build.0 = Release|Any CPU
		{32BEEE97-6435-5A76-199B-BD19B809DEC0}.Debug|Any CPU.ActiveCfg = Debug|Any CPU
		{32BEEE97-6435-5A76-199B-BD19B809DEC0}.Debug|Any CPU.Build.0 = Debug|Any CPU
		{32BEEE97-6435-5A76-199B-BD19B809DEC0}.Release|Any CPU.ActiveCfg = Release|Any CPU
		{32BEEE97-6435-5A76-199B-BD19B809DEC0}.Release|Any CPU.Build.0 = Release|Any CPU
		{CA65DC77-3BA5-BDFB-5742-5789F412F69A}.Debug|Any CPU.ActiveCfg = Debug|Any CPU
		{CA65DC77-3BA5-BDFB-5742-5789F412F69A}.Debug|Any CPU.Build.0 = Debug|Any CPU
		{CA65DC77-3BA5-BDFB-5742-5789F412F69A}.Release|Any CPU.ActiveCfg = Release|Any CPU
		{CA65DC77-3BA5-BDFB-5742-5789F412F69A}.Release|Any CPU.Build.0 = Release|Any CPU
		{88B89619-031E-6368-82B7-FF766474D168}.Debug|Any CPU.ActiveCfg = Debug|Any CPU
		{88B89619-031E-6368-82B7-FF766474D168}.Debug|Any CPU.Build.0 = Debug|Any CPU
		{88B89619-031E-6368-82B7-FF766474D168}.Release|Any CPU.ActiveCfg = Release|Any CPU
		{88B89619-031E-6368-82B7-FF766474D168}.Release|Any CPU.Build.0 = Release|Any CPU
		{BB68332C-D98F-B83E-7598-4A20A33FF07A}.Debug|Any CPU.ActiveCfg = Debug|Any CPU
		{BB68332C-D98F-B83E-7598-4A20A33FF07A}.Debug|Any CPU.Build.0 = Debug|Any CPU
		{BB68332C-D98F-B83E-7598-4A20A33FF07A}.Release|Any CPU.ActiveCfg = Release|Any CPU
		{BB68332C-D98F-B83E-7598-4A20A33FF07A}.Release|Any CPU.Build.0 = Release|Any CPU
		{94D0782A-4823-A4AA-5503-CDF8E002F845}.Debug|Any CPU.ActiveCfg = Debug|Any CPU
		{94D0782A-4823-A4AA-5503-CDF8E002F845}.Debug|Any CPU.Build.0 = Debug|Any CPU
		{94D0782A-4823-A4AA-5503-CDF8E002F845}.Release|Any CPU.ActiveCfg = Release|Any CPU
		{94D0782A-4823-A4AA-5503-CDF8E002F845}.Release|Any CPU.Build.0 = Release|Any CPU
		{B5A184EE-40E4-5641-1395-A289363F6DDF}.Debug|Any CPU.ActiveCfg = Debug|Any CPU
		{B5A184EE-40E4-5641-1395-A289363F6DDF}.Debug|Any CPU.Build.0 = Debug|Any CPU
		{B5A184EE-40E4-5641-1395-A289363F6DDF}.Release|Any CPU.ActiveCfg = Release|Any CPU
		{B5A184EE-40E4-5641-1395-A289363F6DDF}.Release|Any CPU.Build.0 = Release|Any CPU
		{A2A855DE-3D91-4496-7818-257EE4FD207A}.Debug|Any CPU.ActiveCfg = Debug|Any CPU
		{A2A855DE-3D91-4496-7818-257EE4FD207A}.Debug|Any CPU.Build.0 = Debug|Any CPU
		{A2A855DE-3D91-4496-7818-257EE4FD207A}.Release|Any CPU.ActiveCfg = Release|Any CPU
		{A2A855DE-3D91-4496-7818-257EE4FD207A}.Release|Any CPU.Build.0 = Release|Any CPU
		{A3A663C3-C238-3C17-C254-DDCA7B15C752}.Debug|Any CPU.ActiveCfg = Debug|Any CPU
		{A3A663C3-C238-3C17-C254-DDCA7B15C752}.Debug|Any CPU.Build.0 = Debug|Any CPU
		{A3A663C3-C238-3C17-C254-DDCA7B15C752}.Release|Any CPU.ActiveCfg = Release|Any CPU
		{A3A663C3-C238-3C17-C254-DDCA7B15C752}.Release|Any CPU.Build.0 = Release|Any CPU
		{1BF8FD1D-B128-6912-D57F-E454270D73AD}.Debug|Any CPU.ActiveCfg = Debug|Any CPU
		{1BF8FD1D-B128-6912-D57F-E454270D73AD}.Debug|Any CPU.Build.0 = Debug|Any CPU
		{1BF8FD1D-B128-6912-D57F-E454270D73AD}.Release|Any CPU.ActiveCfg = Release|Any CPU
		{1BF8FD1D-B128-6912-D57F-E454270D73AD}.Release|Any CPU.Build.0 = Release|Any CPU
		{81030E05-BB85-1850-0514-0BDE6EDE970F}.Debug|Any CPU.ActiveCfg = Debug|Any CPU
		{81030E05-BB85-1850-0514-0BDE6EDE970F}.Debug|Any CPU.Build.0 = Debug|Any CPU
		{81030E05-BB85-1850-0514-0BDE6EDE970F}.Release|Any CPU.ActiveCfg = Release|Any CPU
		{81030E05-BB85-1850-0514-0BDE6EDE970F}.Release|Any CPU.Build.0 = Release|Any CPU
		{D2A02F61-29A2-81E9-BB34-4E3AC77E5AB9}.Debug|Any CPU.ActiveCfg = Debug|Any CPU
		{D2A02F61-29A2-81E9-BB34-4E3AC77E5AB9}.Debug|Any CPU.Build.0 = Debug|Any CPU
		{D2A02F61-29A2-81E9-BB34-4E3AC77E5AB9}.Release|Any CPU.ActiveCfg = Release|Any CPU
		{D2A02F61-29A2-81E9-BB34-4E3AC77E5AB9}.Release|Any CPU.Build.0 = Release|Any CPU
		{D4759735-3BEC-9BCC-090F-25DFFEC8F219}.Debug|Any CPU.ActiveCfg = Debug|Any CPU
		{D4759735-3BEC-9BCC-090F-25DFFEC8F219}.Debug|Any CPU.Build.0 = Debug|Any CPU
		{D4759735-3BEC-9BCC-090F-25DFFEC8F219}.Release|Any CPU.ActiveCfg = Release|Any CPU
		{D4759735-3BEC-9BCC-090F-25DFFEC8F219}.Release|Any CPU.Build.0 = Release|Any CPU
		{3FED90A2-4E8A-6A84-CBAC-163590502262}.Debug|Any CPU.ActiveCfg = Debug|Any CPU
		{3FED90A2-4E8A-6A84-CBAC-163590502262}.Debug|Any CPU.Build.0 = Debug|Any CPU
		{3FED90A2-4E8A-6A84-CBAC-163590502262}.Release|Any CPU.ActiveCfg = Release|Any CPU
		{3FED90A2-4E8A-6A84-CBAC-163590502262}.Release|Any CPU.Build.0 = Release|Any CPU
		{E0371586-1F5A-3836-FE2F-2D0541AED2E4}.Debug|Any CPU.ActiveCfg = Debug|Any CPU
		{E0371586-1F5A-3836-FE2F-2D0541AED2E4}.Debug|Any CPU.Build.0 = Debug|Any CPU
		{E0371586-1F5A-3836-FE2F-2D0541AED2E4}.Release|Any CPU.ActiveCfg = Release|Any CPU
		{E0371586-1F5A-3836-FE2F-2D0541AED2E4}.Release|Any CPU.Build.0 = Release|Any CPU
		{C5839B87-872B-931D-0FF4-9762F6AF87FA}.Debug|Any CPU.ActiveCfg = Debug|Any CPU
		{C5839B87-872B-931D-0FF4-9762F6AF87FA}.Debug|Any CPU.Build.0 = Debug|Any CPU
		{C5839B87-872B-931D-0FF4-9762F6AF87FA}.Release|Any CPU.ActiveCfg = Release|Any CPU
		{C5839B87-872B-931D-0FF4-9762F6AF87FA}.Release|Any CPU.Build.0 = Release|Any CPU
		{677BEB01-2342-54D5-FB8A-E16212031A84}.Debug|Any CPU.ActiveCfg = Debug|Any CPU
		{677BEB01-2342-54D5-FB8A-E16212031A84}.Debug|Any CPU.Build.0 = Debug|Any CPU
		{677BEB01-2342-54D5-FB8A-E16212031A84}.Release|Any CPU.ActiveCfg = Release|Any CPU
		{677BEB01-2342-54D5-FB8A-E16212031A84}.Release|Any CPU.Build.0 = Release|Any CPU
		{1A5DCA3C-F05D-422C-5743-463C17FAFB84}.Debug|Any CPU.ActiveCfg = Debug|Any CPU
		{1A5DCA3C-F05D-422C-5743-463C17FAFB84}.Debug|Any CPU.Build.0 = Debug|Any CPU
		{1A5DCA3C-F05D-422C-5743-463C17FAFB84}.Release|Any CPU.ActiveCfg = Release|Any CPU
		{1A5DCA3C-F05D-422C-5743-463C17FAFB84}.Release|Any CPU.Build.0 = Release|Any CPU
		{DB30829B-F724-B965-6CAC-716BF53AFBA7}.Debug|Any CPU.ActiveCfg = Debug|Any CPU
		{DB30829B-F724-B965-6CAC-716BF53AFBA7}.Debug|Any CPU.Build.0 = Debug|Any CPU
		{DB30829B-F724-B965-6CAC-716BF53AFBA7}.Release|Any CPU.ActiveCfg = Release|Any CPU
		{DB30829B-F724-B965-6CAC-716BF53AFBA7}.Release|Any CPU.Build.0 = Release|Any CPU
		{5D7930B3-92F7-EF07-DB43-443D37B67440}.Debug|Any CPU.ActiveCfg = Debug|Any CPU
		{5D7930B3-92F7-EF07-DB43-443D37B67440}.Debug|Any CPU.Build.0 = Debug|Any CPU
		{5D7930B3-92F7-EF07-DB43-443D37B67440}.Release|Any CPU.ActiveCfg = Release|Any CPU
		{5D7930B3-92F7-EF07-DB43-443D37B67440}.Release|Any CPU.Build.0 = Release|Any CPU
		{8351121A-4994-B7D0-EE4F-FBB00FBB5D50}.Debug|Any CPU.ActiveCfg = Debug|Any CPU
		{8351121A-4994-B7D0-EE4F-FBB00FBB5D50}.Debug|Any CPU.Build.0 = Debug|Any CPU
		{8351121A-4994-B7D0-EE4F-FBB00FBB5D50}.Release|Any CPU.ActiveCfg = Release|Any CPU
		{8351121A-4994-B7D0-EE4F-FBB00FBB5D50}.Release|Any CPU.Build.0 = Release|Any CPU
		{7461482B-2C6F-E13B-CC11-4E80B87CBF79}.Debug|Any CPU.ActiveCfg = Debug|Any CPU
		{7461482B-2C6F-E13B-CC11-4E80B87CBF79}.Debug|Any CPU.Build.0 = Debug|Any CPU
		{7461482B-2C6F-E13B-CC11-4E80B87CBF79}.Release|Any CPU.ActiveCfg = Release|Any CPU
		{7461482B-2C6F-E13B-CC11-4E80B87CBF79}.Release|Any CPU.Build.0 = Release|Any CPU
		{B317A2D9-2A9D-5C4E-9B84-F14806CCA303}.Debug|Any CPU.ActiveCfg = Debug|Any CPU
		{B317A2D9-2A9D-5C4E-9B84-F14806CCA303}.Debug|Any CPU.Build.0 = Debug|Any CPU
		{B317A2D9-2A9D-5C4E-9B84-F14806CCA303}.Release|Any CPU.ActiveCfg = Release|Any CPU
		{B317A2D9-2A9D-5C4E-9B84-F14806CCA303}.Release|Any CPU.Build.0 = Release|Any CPU
		{C687BB87-EEF9-2972-B034-5AC1DE3CC397}.Debug|Any CPU.ActiveCfg = Debug|Any CPU
		{C687BB87-EEF9-2972-B034-5AC1DE3CC397}.Debug|Any CPU.Build.0 = Debug|Any CPU
		{C687BB87-EEF9-2972-B034-5AC1DE3CC397}.Release|Any CPU.ActiveCfg = Release|Any CPU
		{C687BB87-EEF9-2972-B034-5AC1DE3CC397}.Release|Any CPU.Build.0 = Release|Any CPU
		{D7E344E8-6CA7-E30F-B426-F462DB9C8756}.Debug|Any CPU.ActiveCfg = Debug|Any CPU
		{D7E344E8-6CA7-E30F-B426-F462DB9C8756}.Debug|Any CPU.Build.0 = Debug|Any CPU
		{D7E344E8-6CA7-E30F-B426-F462DB9C8756}.Release|Any CPU.ActiveCfg = Release|Any CPU
		{D7E344E8-6CA7-E30F-B426-F462DB9C8756}.Release|Any CPU.Build.0 = Release|Any CPU
		{8FE90981-D077-A047-60C9-E99773E1D2BC}.Debug|Any CPU.ActiveCfg = Debug|Any CPU
		{8FE90981-D077-A047-60C9-E99773E1D2BC}.Debug|Any CPU.Build.0 = Debug|Any CPU
		{8FE90981-D077-A047-60C9-E99773E1D2BC}.Release|Any CPU.ActiveCfg = Release|Any CPU
		{8FE90981-D077-A047-60C9-E99773E1D2BC}.Release|Any CPU.Build.0 = Release|Any CPU
		{3B4472C1-ED68-C4A6-2D06-8AD4D7B6B4F7}.Debug|Any CPU.ActiveCfg = Debug|Any CPU
		{3B4472C1-ED68-C4A6-2D06-8AD4D7B6B4F7}.Debug|Any CPU.Build.0 = Debug|Any CPU
		{3B4472C1-ED68-C4A6-2D06-8AD4D7B6B4F7}.Release|Any CPU.ActiveCfg = Release|Any CPU
		{3B4472C1-ED68-C4A6-2D06-8AD4D7B6B4F7}.Release|Any CPU.Build.0 = Release|Any CPU
		{D593E5B2-CDC4-8ED6-20E5-E08B3B419D48}.Debug|Any CPU.ActiveCfg = Debug|Any CPU
		{D593E5B2-CDC4-8ED6-20E5-E08B3B419D48}.Debug|Any CPU.Build.0 = Debug|Any CPU
		{D593E5B2-CDC4-8ED6-20E5-E08B3B419D48}.Release|Any CPU.ActiveCfg = Release|Any CPU
		{D593E5B2-CDC4-8ED6-20E5-E08B3B419D48}.Release|Any CPU.Build.0 = Release|Any CPU
		{B5C8694D-9D20-89F5-659D-4D69AAD054ED}.Debug|Any CPU.ActiveCfg = Debug|Any CPU
		{B5C8694D-9D20-89F5-659D-4D69AAD054ED}.Debug|Any CPU.Build.0 = Debug|Any CPU
		{B5C8694D-9D20-89F5-659D-4D69AAD054ED}.Release|Any CPU.ActiveCfg = Release|Any CPU
		{B5C8694D-9D20-89F5-659D-4D69AAD054ED}.Release|Any CPU.Build.0 = Release|Any CPU
		{526375B4-4107-D095-27CB-58C00FC2FC53}.Debug|Any CPU.ActiveCfg = Debug|Any CPU
		{526375B4-4107-D095-27CB-58C00FC2FC53}.Debug|Any CPU.Build.0 = Debug|Any CPU
		{526375B4-4107-D095-27CB-58C00FC2FC53}.Release|Any CPU.ActiveCfg = Release|Any CPU
		{526375B4-4107-D095-27CB-58C00FC2FC53}.Release|Any CPU.Build.0 = Release|Any CPU
		{72DD9259-C7B0-FFDC-5AB2-AFEAB9CF98A4}.Debug|Any CPU.ActiveCfg = Debug|Any CPU
		{72DD9259-C7B0-FFDC-5AB2-AFEAB9CF98A4}.Debug|Any CPU.Build.0 = Debug|Any CPU
		{72DD9259-C7B0-FFDC-5AB2-AFEAB9CF98A4}.Release|Any CPU.ActiveCfg = Release|Any CPU
		{72DD9259-C7B0-FFDC-5AB2-AFEAB9CF98A4}.Release|Any CPU.Build.0 = Release|Any CPU
		{DCDD8FF5-A1A0-D030-9C1C-8F7077E7421D}.Debug|Any CPU.ActiveCfg = Debug|Any CPU
		{DCDD8FF5-A1A0-D030-9C1C-8F7077E7421D}.Debug|Any CPU.Build.0 = Debug|Any CPU
		{DCDD8FF5-A1A0-D030-9C1C-8F7077E7421D}.Release|Any CPU.ActiveCfg = Release|Any CPU
		{DCDD8FF5-A1A0-D030-9C1C-8F7077E7421D}.Release|Any CPU.Build.0 = Release|Any CPU
		{48525B49-DFFD-ACB7-BEAC-F4DCDD5C4339}.Debug|Any CPU.ActiveCfg = Debug|Any CPU
		{48525B49-DFFD-ACB7-BEAC-F4DCDD5C4339}.Debug|Any CPU.Build.0 = Debug|Any CPU
		{48525B49-DFFD-ACB7-BEAC-F4DCDD5C4339}.Release|Any CPU.ActiveCfg = Release|Any CPU
		{48525B49-DFFD-ACB7-BEAC-F4DCDD5C4339}.Release|Any CPU.Build.0 = Release|Any CPU
		{308A7DBE-25E9-C61F-8C9D-3B10482A7971}.Debug|Any CPU.ActiveCfg = Debug|Any CPU
		{308A7DBE-25E9-C61F-8C9D-3B10482A7971}.Debug|Any CPU.Build.0 = Debug|Any CPU
		{308A7DBE-25E9-C61F-8C9D-3B10482A7971}.Release|Any CPU.ActiveCfg = Release|Any CPU
		{308A7DBE-25E9-C61F-8C9D-3B10482A7971}.Release|Any CPU.Build.0 = Release|Any CPU
		{9CA51107-94CA-54EF-4059-7738D35DC87E}.Debug|Any CPU.ActiveCfg = Debug|Any CPU
		{9CA51107-94CA-54EF-4059-7738D35DC87E}.Debug|Any CPU.Build.0 = Debug|Any CPU
		{9CA51107-94CA-54EF-4059-7738D35DC87E}.Release|Any CPU.ActiveCfg = Release|Any CPU
		{9CA51107-94CA-54EF-4059-7738D35DC87E}.Release|Any CPU.Build.0 = Release|Any CPU
		{F6421A13-9D2B-B23B-1231-76346297A780}.Debug|Any CPU.ActiveCfg = Debug|Any CPU
		{F6421A13-9D2B-B23B-1231-76346297A780}.Debug|Any CPU.Build.0 = Debug|Any CPU
		{F6421A13-9D2B-B23B-1231-76346297A780}.Release|Any CPU.ActiveCfg = Release|Any CPU
		{F6421A13-9D2B-B23B-1231-76346297A780}.Release|Any CPU.Build.0 = Release|Any CPU
		{850D3D49-F993-004E-A3CB-918366F377C1}.Debug|Any CPU.ActiveCfg = Debug|Any CPU
		{850D3D49-F993-004E-A3CB-918366F377C1}.Debug|Any CPU.Build.0 = Debug|Any CPU
		{850D3D49-F993-004E-A3CB-918366F377C1}.Release|Any CPU.ActiveCfg = Release|Any CPU
		{850D3D49-F993-004E-A3CB-918366F377C1}.Release|Any CPU.Build.0 = Release|Any CPU
		{D47FCA1F-F4C5-EB38-614C-A33FD95CAE4F}.Debug|Any CPU.ActiveCfg = Debug|Any CPU
		{D47FCA1F-F4C5-EB38-614C-A33FD95CAE4F}.Debug|Any CPU.Build.0 = Debug|Any CPU
		{D47FCA1F-F4C5-EB38-614C-A33FD95CAE4F}.Release|Any CPU.ActiveCfg = Release|Any CPU
		{D47FCA1F-F4C5-EB38-614C-A33FD95CAE4F}.Release|Any CPU.Build.0 = Release|Any CPU
		{20787DFD-2A05-F5D6-35DB-92890E7B901B}.Debug|Any CPU.ActiveCfg = Debug|Any CPU
		{20787DFD-2A05-F5D6-35DB-92890E7B901B}.Debug|Any CPU.Build.0 = Debug|Any CPU
		{20787DFD-2A05-F5D6-35DB-92890E7B901B}.Release|Any CPU.ActiveCfg = Release|Any CPU
		{20787DFD-2A05-F5D6-35DB-92890E7B901B}.Release|Any CPU.Build.0 = Release|Any CPU
		{6A183771-A246-3AEF-6218-F9AEF1B6BD4B}.Debug|Any CPU.ActiveCfg = Debug|Any CPU
		{6A183771-A246-3AEF-6218-F9AEF1B6BD4B}.Debug|Any CPU.Build.0 = Debug|Any CPU
		{6A183771-A246-3AEF-6218-F9AEF1B6BD4B}.Release|Any CPU.ActiveCfg = Release|Any CPU
		{6A183771-A246-3AEF-6218-F9AEF1B6BD4B}.Release|Any CPU.Build.0 = Release|Any CPU
		{2FFC9E3A-AC68-CC49-9476-901E2CFF5EF3}.Debug|Any CPU.ActiveCfg = Debug|Any CPU
		{2FFC9E3A-AC68-CC49-9476-901E2CFF5EF3}.Debug|Any CPU.Build.0 = Debug|Any CPU
		{2FFC9E3A-AC68-CC49-9476-901E2CFF5EF3}.Release|Any CPU.ActiveCfg = Release|Any CPU
		{2FFC9E3A-AC68-CC49-9476-901E2CFF5EF3}.Release|Any CPU.Build.0 = Release|Any CPU
	EndGlobalSection
	GlobalSection(SolutionProperties) = preSolution
		HideSolutionNode = FALSE
	EndGlobalSection
EndGlobal
